
Microsoft Visual Studio Solution File, Format Version 12.00
# Visual Studio Version 16
VisualStudioVersion = 16.0.32602.291
MinimumVisualStudioVersion = 10.0.40219.1
Project("{FAE04EC0-301F-11D3-BF4B-00C04F79EFBC}") = "SeniorServer", "SeniorServer\SeniorServer.csproj", "{14EA2142-17E5-4E30-9A90-D29C9556077D}"
EndProject
Global
	GlobalSection(SolutionConfigurationPlatforms) = preSolution
		Debug|Any CPU = Debug|Any CPU
		Release|Any CPU = Release|Any CPU
	EndGlobalSection
	GlobalSection(ProjectConfigurationPlatforms) = postSolution
		{14EA2142-17E5-4E30-9A90-D29C9556077D}.Debug|Any CPU.ActiveCfg = Debug|Any CPU
		{14EA2142-17E5-4E30-9A90-D29C9556077D}.Debug|Any CPU.Build.0 = Debug|Any CPU
		{14EA2142-17E5-4E30-9A90-D29C9556077D}.Release|Any CPU.ActiveCfg = Release|Any CPU
		{14EA2142-17E5-4E30-9A90-D29C9556077D}.Release|Any CPU.Build.0 = Release|Any CPU
	EndGlobalSection
	GlobalSection(SolutionProperties) = preSolution
		HideSolutionNode = FALSE
	EndGlobalSection
	GlobalSection(ExtensibilityGlobals) = postSolution
		SolutionGuid = {30A77C42-2021-422E-B50E-01F8B28629F6}
	EndGlobalSection
EndGlobal
