
Microsoft Visual Studio Solution File, Format Version 12.00
# Visual Studio Version 16
VisualStudioVersion = 16.0.32602.291
MinimumVisualStudioVersion = 10.0.40219.1
Project("{FAE04EC0-301F-11D3-BF4B-00C04F79EFBC}") = "MyDotXlua", "MyDotXlua\MyDotXlua.csproj", "{E412296F-FC92-40B3-9BBE-57FCF2D758FF}"
EndProject
Project("{FAE04EC0-301F-11D3-BF4B-00C04F79EFBC}") = "MyXlua", "MyXlua\MyXlua.csproj", "{8CA5C80A-1466-45C8-AAE6-6FA74051490B}"
EndProject
Project("{FAE04EC0-301F-11D3-BF4B-00C04F79EFBC}") = "MyXluaGenerate", "MyXluaGenerate\MyXluaGenerate.csproj", "{B25AB45C-C9D6-43E0-B1D4-31DCA0387DF4}"
EndProject
Global
	GlobalSection(SolutionConfigurationPlatforms) = preSolution
		Debug|Any CPU = Debug|Any CPU
		Release|Any CPU = Release|Any CPU
	EndGlobalSection
	GlobalSection(ProjectConfigurationPlatforms) = postSolution
		{E412296F-FC92-40B3-9BBE-57FCF2D758FF}.Debug|Any CPU.ActiveCfg = Debug|Any CPU
		{E412296F-FC92-40B3-9BBE-57FCF2D758FF}.Debug|Any CPU.Build.0 = Debug|Any CPU
		{E412296F-FC92-40B3-9BBE-57FCF2D758FF}.Release|Any CPU.ActiveCfg = Release|Any CPU
		{E412296F-FC92-40B3-9BBE-57FCF2D758FF}.Release|Any CPU.Build.0 = Release|Any CPU
		{8CA5C80A-1466-45C8-AAE6-6FA74051490B}.Debug|Any CPU.ActiveCfg = Debug|Any CPU
		{8CA5C80A-1466-45C8-AAE6-6FA74051490B}.Debug|Any CPU.Build.0 = Debug|Any CPU
		{8CA5C80A-1466-45C8-AAE6-6FA74051490B}.Release|Any CPU.ActiveCfg = Release|Any CPU
		{8CA5C80A-1466-45C8-AAE6-6FA74051490B}.Release|Any CPU.Build.0 = Release|Any CPU
		{B25AB45C-C9D6-43E0-B1D4-31DCA0387DF4}.Debug|Any CPU.ActiveCfg = Debug|Any CPU
		{B25AB45C-C9D6-43E0-B1D4-31DCA0387DF4}.Debug|Any CPU.Build.0 = Debug|Any CPU
		{B25AB45C-C9D6-43E0-B1D4-31DCA0387DF4}.Release|Any CPU.ActiveCfg = Release|Any CPU
		{B25AB45C-C9D6-43E0-B1D4-31DCA0387DF4}.Release|Any CPU.Build.0 = Release|Any CPU
	EndGlobalSection
	GlobalSection(SolutionProperties) = preSolution
		HideSolutionNode = FALSE
	EndGlobalSection
	GlobalSection(ExtensibilityGlobals) = postSolution
		SolutionGuid = {9573D2CE-00C8-412F-B2BC-A28DA0F98CEE}
	EndGlobalSection
EndGlobal
